version = 1
requires-python = ">=3.12"

[[package]]
name = "baseplate"
version = "2.7.0"
source = { registry = "https://pypi.org/simple" }
dependencies = [
    { name = "boto3" },
    { name = "gevent" },
    { name = "posix-ipc" },
    { name = "prometheus-client" },
    { name = "python-json-logger" },
    { name = "requests" },
    { name = "thrift-unofficial" },
    { name = "typing-extensions" },
]
sdist = { url = "https://files.pythonhosted.org/packages/4b/d2/cbba174eda533de12fde6efaf907bd7bc0476eacba70542fd05fb60b1f3a/baseplate-2.7.0.tar.gz", hash = "sha256:9b9b3d4a0cc9773bbdd8b0de4d91af9a31e317956221a48a7fbbeede55b5edbf", size = 136418 }
wheels = [
    { url = "https://files.pythonhosted.org/packages/b9/28/1e4cd6f3be4d565775fbab330dd2cc37ac8edbc4d714cc799df865c32063/baseplate-2.7.0-py3-none-any.whl", hash = "sha256:5e1aa7dcacda880b865ac60cca72a7b36edfd420035a5a79fc85678793c9bd71", size = 182892 },
]

[[package]]
name = "baseplate-uv-example"
version = "0.1.0"
source = { virtual = "." }
dependencies = [
    { name = "baseplate" },
    { name = "pyramid" },
    { name = "sqlalchemy" },
]

[package.metadata]
requires-dist = [
    { name = "baseplate", specifier = ">=2.7.0" },
    { name = "pyramid", specifier = ">=2.0.2" },
    { name = "sqlalchemy", specifier = ">=2.0.35" },
]

[[package]]
name = "boto3"
version = "1.35.39"
source = { registry = "https://pypi.org/simple" }
dependencies = [
    { name = "botocore" },
    { name = "jmespath" },
    { name = "s3transfer" },
]
sdist = { url = "https://files.pythonhosted.org/packages/b8/29/10988ceaa300ddc628cb899875d85d9998e3da4803226398e002d95b2741/boto3-1.35.39.tar.gz", hash = "sha256:670f811c65e3c5fe4ed8c8d69be0b44b1d649e992c0fc16de43816d1188f88f1", size = 110975 }
wheels = [
    { url = "https://files.pythonhosted.org/packages/5a/ad/ba203ea67522d1184aa879d7ac063e5ffc7e6bafe00b4f79124e5fca0128/boto3-1.35.39-py3-none-any.whl", hash = "sha256:5970b62c1ec8177501e02520f0d41839ca5fc549b30bac4e8c0c0882ae776217", size = 139143 },
]

[[package]]
name = "botocore"
version = "1.35.39"
source = { registry = "https://pypi.org/simple" }
dependencies = [
    { name = "jmespath" },
    { name = "python-dateutil" },
    { name = "urllib3" },
]
sdist = { url = "https://files.pythonhosted.org/packages/f7/28/d83dbd69d7015892b53ada4fded79a5bc1b7d77259361eb8302f88c2da81/botocore-1.35.39.tar.gz", hash = "sha256:cb7f851933b5ccc2fba4f0a8b846252410aa0efac5bfbe93b82d10801f5f8e90", size = 12826384 }
wheels = [
    { url = "https://files.pythonhosted.org/packages/76/1f/296dc3b4c70b84328715fb7ee45f1d422fbed83cbcd464a3d4f29e91d197/botocore-1.35.39-py3-none-any.whl", hash = "sha256:781c547eb6a79c0e4b0bedd87b81fbfed957816b4841d33e20c8f1989c7c19ce", size = 12613407 },
]

[[package]]
name = "certifi"
version = "2024.8.30"
source = { registry = "https://pypi.org/simple" }
sdist = { url = "https://files.pythonhosted.org/packages/b0/ee/9b19140fe824b367c04c5e1b369942dd754c4c5462d5674002f75c4dedc1/certifi-2024.8.30.tar.gz", hash = "sha256:bec941d2aa8195e248a60b31ff9f0558284cf01a52591ceda73ea9afffd69fd9", size = 168507 }
wheels = [
    { url = "https://files.pythonhosted.org/packages/12/90/3c9ff0512038035f59d279fddeb79f5f1eccd8859f06d6163c58798b9487/certifi-2024.8.30-py3-none-any.whl", hash = "sha256:922820b53db7a7257ffbda3f597266d435245903d80737e34f8a45ff3e3230d8", size = 167321 },
]

[[package]]
name = "cffi"
version = "1.17.1"
source = { registry = "https://pypi.org/simple" }
dependencies = [
    { name = "pycparser" },
]
sdist = { url = "https://files.pythonhosted.org/packages/fc/97/c783634659c2920c3fc70419e3af40972dbaf758daa229a7d6ea6135c90d/cffi-1.17.1.tar.gz", hash = "sha256:1c39c6016c32bc48dd54561950ebd6836e1670f2ae46128f67cf49e789c52824", size = 516621 }
wheels = [
    { url = "https://files.pythonhosted.org/packages/86/c5/28b2d6f799ec0bdecf44dced2ec5ed43e0eb63097b0f58c293583b406582/cffi-1.17.1-cp312-cp312-win32.whl", hash = "sha256:a08d7e755f8ed21095a310a693525137cfe756ce62d066e53f502a83dc550f65", size = 172448 },
    { url = "https://files.pythonhosted.org/packages/50/b9/db34c4755a7bd1cb2d1603ac3863f22bcecbd1ba29e5ee841a4bc510b294/cffi-1.17.1-cp312-cp312-win_amd64.whl", hash = "sha256:51392eae71afec0d0c8fb1a53b204dbb3bcabcb3c9b807eedf3e1e6ccf2de903", size = 181976 },
    { url = "https://files.pythonhosted.org/packages/bf/ee/f94057fa6426481d663b88637a9a10e859e492c73d0384514a17d78ee205/cffi-1.17.1-cp313-cp313-win32.whl", hash = "sha256:e03eab0a8677fa80d646b5ddece1cbeaf556c313dcfac435ba11f107ba117b5d", size = 172475 },
    { url = "https://files.pythonhosted.org/packages/7c/fc/6a8cb64e5f0324877d503c854da15d76c1e50eb722e320b15345c4d0c6de/cffi-1.17.1-cp313-cp313-win_amd64.whl", hash = "sha256:f6a16c31041f09ead72d69f583767292f750d24913dadacf5756b966aacb3f1a", size = 182009 },
]

[[package]]
name = "charset-normalizer"
version = "3.4.0"
source = { registry = "https://pypi.org/simple" }
sdist = { url = "https://files.pythonhosted.org/packages/f2/4f/e1808dc01273379acc506d18f1504eb2d299bd4131743b9fc54d7be4df1e/charset_normalizer-3.4.0.tar.gz", hash = "sha256:223217c3d4f82c3ac5e29032b3f1c2eb0fb591b72161f86d93f5719079dae93e", size = 106620 }
wheels = [
    { url = "https://files.pythonhosted.org/packages/d3/0b/4b7a70987abf9b8196845806198975b6aab4ce016632f817ad758a5aa056/charset_normalizer-3.4.0-cp312-cp312-macosx_10_13_universal2.whl", hash = "sha256:0713f3adb9d03d49d365b70b84775d0a0d18e4ab08d12bc46baa6132ba78aaf6", size = 194445 },
    { url = "https://files.pythonhosted.org/packages/50/89/354cc56cf4dd2449715bc9a0f54f3aef3dc700d2d62d1fa5bbea53b13426/charset_normalizer-3.4.0-cp312-cp312-macosx_10_13_x86_64.whl", hash = "sha256:de7376c29d95d6719048c194a9cf1a1b0393fbe8488a22008610b0361d834ecf", size = 125275 },
    { url = "https://files.pythonhosted.org/packages/fa/44/b730e2a2580110ced837ac083d8ad222343c96bb6b66e9e4e706e4d0b6df/charset_normalizer-3.4.0-cp312-cp312-macosx_11_0_arm64.whl", hash = "sha256:4a51b48f42d9358460b78725283f04bddaf44a9358197b889657deba38f329db", size = 119020 },
    { url = "https://files.pythonhosted.org/packages/9d/e4/9263b8240ed9472a2ae7ddc3e516e71ef46617fe40eaa51221ccd4ad9a27/charset_normalizer-3.4.0-cp312-cp312-manylinux_2_17_aarch64.manylinux2014_aarch64.whl", hash = "sha256:b295729485b06c1a0683af02a9e42d2caa9db04a373dc38a6a58cdd1e8abddf1", size = 139128 },
    { url = "https://files.pythonhosted.org/packages/6b/e3/9f73e779315a54334240353eaea75854a9a690f3f580e4bd85d977cb2204/charset_normalizer-3.4.0-cp312-cp312-manylinux_2_17_ppc64le.manylinux2014_ppc64le.whl", hash = "sha256:ee803480535c44e7f5ad00788526da7d85525cfefaf8acf8ab9a310000be4b03", size = 149277 },
    { url = "https://files.pythonhosted.org/packages/1a/cf/f1f50c2f295312edb8a548d3fa56a5c923b146cd3f24114d5adb7e7be558/charset_normalizer-3.4.0-cp312-cp312-manylinux_2_17_s390x.manylinux2014_s390x.whl", hash = "sha256:3d59d125ffbd6d552765510e3f31ed75ebac2c7470c7274195b9161a32350284", size = 142174 },
    { url = "https://files.pythonhosted.org/packages/16/92/92a76dc2ff3a12e69ba94e7e05168d37d0345fa08c87e1fe24d0c2a42223/charset_normalizer-3.4.0-cp312-cp312-manylinux_2_17_x86_64.manylinux2014_x86_64.whl", hash = "sha256:8cda06946eac330cbe6598f77bb54e690b4ca93f593dee1568ad22b04f347c15", size = 143838 },
    { url = "https://files.pythonhosted.org/packages/a4/01/2117ff2b1dfc61695daf2babe4a874bca328489afa85952440b59819e9d7/charset_normalizer-3.4.0-cp312-cp312-manylinux_2_5_i686.manylinux1_i686.manylinux_2_17_i686.manylinux2014_i686.whl", hash = "sha256:07afec21bbbbf8a5cc3651aa96b980afe2526e7f048fdfb7f1014d84acc8b6d8", size = 146149 },
    { url = "https://files.pythonhosted.org/packages/f6/9b/93a332b8d25b347f6839ca0a61b7f0287b0930216994e8bf67a75d050255/charset_normalizer-3.4.0-cp312-cp312-musllinux_1_2_aarch64.whl", hash = "sha256:6b40e8d38afe634559e398cc32b1472f376a4099c75fe6299ae607e404c033b2", size = 140043 },
    { url = "https://files.pythonhosted.org/packages/ab/f6/7ac4a01adcdecbc7a7587767c776d53d369b8b971382b91211489535acf0/charset_normalizer-3.4.0-cp312-cp312-musllinux_1_2_i686.whl", hash = "sha256:b8dcd239c743aa2f9c22ce674a145e0a25cb1566c495928440a181ca1ccf6719", size = 148229 },
    { url = "https://files.pythonhosted.org/packages/9d/be/5708ad18161dee7dc6a0f7e6cf3a88ea6279c3e8484844c0590e50e803ef/charset_normalizer-3.4.0-cp312-cp312-musllinux_1_2_ppc64le.whl", hash = "sha256:84450ba661fb96e9fd67629b93d2941c871ca86fc38d835d19d4225ff946a631", size = 151556 },
    { url = "https://files.pythonhosted.org/packages/5a/bb/3d8bc22bacb9eb89785e83e6723f9888265f3a0de3b9ce724d66bd49884e/charset_normalizer-3.4.0-cp312-cp312-musllinux_1_2_s390x.whl", hash = "sha256:44aeb140295a2f0659e113b31cfe92c9061622cadbc9e2a2f7b8ef6b1e29ef4b", size = 149772 },
    { url = "https://files.pythonhosted.org/packages/f7/fa/d3fc622de05a86f30beea5fc4e9ac46aead4731e73fd9055496732bcc0a4/charset_normalizer-3.4.0-cp312-cp312-musllinux_1_2_x86_64.whl", hash = "sha256:1db4e7fefefd0f548d73e2e2e041f9df5c59e178b4c72fbac4cc6f535cfb1565", size = 144800 },
    { url = "https://files.pythonhosted.org/packages/9a/65/bdb9bc496d7d190d725e96816e20e2ae3a6fa42a5cac99c3c3d6ff884118/charset_normalizer-3.4.0-cp312-cp312-win32.whl", hash = "sha256:5726cf76c982532c1863fb64d8c6dd0e4c90b6ece9feb06c9f202417a31f7dd7", size = 94836 },
    { url = "https://files.pythonhosted.org/packages/3e/67/7b72b69d25b89c0b3cea583ee372c43aa24df15f0e0f8d3982c57804984b/charset_normalizer-3.4.0-cp312-cp312-win_amd64.whl", hash = "sha256:b197e7094f232959f8f20541ead1d9862ac5ebea1d58e9849c1bf979255dfac9", size = 102187 },
    { url = "https://files.pythonhosted.org/packages/f3/89/68a4c86f1a0002810a27f12e9a7b22feb198c59b2f05231349fbce5c06f4/charset_normalizer-3.4.0-cp313-cp313-macosx_10_13_universal2.whl", hash = "sha256:dd4eda173a9fcccb5f2e2bd2a9f423d180194b1bf17cf59e3269899235b2a114", size = 194617 },
    { url = "https://files.pythonhosted.org/packages/4f/cd/8947fe425e2ab0aa57aceb7807af13a0e4162cd21eee42ef5b053447edf5/charset_normalizer-3.4.0-cp313-cp313-macosx_10_13_x86_64.whl", hash = "sha256:e9e3c4c9e1ed40ea53acf11e2a386383c3304212c965773704e4603d589343ed", size = 125310 },
    { url = "https://files.pythonhosted.org/packages/5b/f0/b5263e8668a4ee9becc2b451ed909e9c27058337fda5b8c49588183c267a/charset_normalizer-3.4.0-cp313-cp313-macosx_11_0_arm64.whl", hash = "sha256:92a7e36b000bf022ef3dbb9c46bfe2d52c047d5e3f3343f43204263c5addc250", size = 119126 },
    { url = "https://files.pythonhosted.org/packages/ff/6e/e445afe4f7fda27a533f3234b627b3e515a1b9429bc981c9a5e2aa5d97b6/charset_normalizer-3.4.0-cp313-cp313-manylinux_2_17_aarch64.manylinux2014_aarch64.whl", hash = "sha256:54b6a92d009cbe2fb11054ba694bc9e284dad30a26757b1e372a1fdddaf21920", size = 139342 },
    { url = "https://files.pythonhosted.org/packages/a1/b2/4af9993b532d93270538ad4926c8e37dc29f2111c36f9c629840c57cd9b3/charset_normalizer-3.4.0-cp313-cp313-manylinux_2_17_ppc64le.manylinux2014_ppc64le.whl", hash = "sha256:1ffd9493de4c922f2a38c2bf62b831dcec90ac673ed1ca182fe11b4d8e9f2a64", size = 149383 },
    { url = "https://files.pythonhosted.org/packages/fb/6f/4e78c3b97686b871db9be6f31d64e9264e889f8c9d7ab33c771f847f79b7/charset_normalizer-3.4.0-cp313-cp313-manylinux_2_17_s390x.manylinux2014_s390x.whl", hash = "sha256:35c404d74c2926d0287fbd63ed5d27eb911eb9e4a3bb2c6d294f3cfd4a9e0c23", size = 142214 },
    { url = "https://files.pythonhosted.org/packages/2b/c9/1c8fe3ce05d30c87eff498592c89015b19fade13df42850aafae09e94f35/charset_normalizer-3.4.0-cp313-cp313-manylinux_2_17_x86_64.manylinux2014_x86_64.whl", hash = "sha256:4796efc4faf6b53a18e3d46343535caed491776a22af773f366534056c4e1fbc", size = 144104 },
    { url = "https://files.pythonhosted.org/packages/ee/68/efad5dcb306bf37db7db338338e7bb8ebd8cf38ee5bbd5ceaaaa46f257e6/charset_normalizer-3.4.0-cp313-cp313-manylinux_2_5_i686.manylinux1_i686.manylinux_2_17_i686.manylinux2014_i686.whl", hash = "sha256:e7fdd52961feb4c96507aa649550ec2a0d527c086d284749b2f582f2d40a2e0d", size = 146255 },
    { url = "https://files.pythonhosted.org/packages/0c/75/1ed813c3ffd200b1f3e71121c95da3f79e6d2a96120163443b3ad1057505/charset_normalizer-3.4.0-cp313-cp313-musllinux_1_2_aarch64.whl", hash = "sha256:92db3c28b5b2a273346bebb24857fda45601aef6ae1c011c0a997106581e8a88", size = 140251 },
    { url = "https://files.pythonhosted.org/packages/7d/0d/6f32255c1979653b448d3c709583557a4d24ff97ac4f3a5be156b2e6a210/charset_normalizer-3.4.0-cp313-cp313-musllinux_1_2_i686.whl", hash = "sha256:ab973df98fc99ab39080bfb0eb3a925181454d7c3ac8a1e695fddfae696d9e90", size = 148474 },
    { url = "https://files.pythonhosted.org/packages/ac/a0/c1b5298de4670d997101fef95b97ac440e8c8d8b4efa5a4d1ef44af82f0d/charset_normalizer-3.4.0-cp313-cp313-musllinux_1_2_ppc64le.whl", hash = "sha256:4b67fdab07fdd3c10bb21edab3cbfe8cf5696f453afce75d815d9d7223fbe88b", size = 151849 },
    { url = "https://files.pythonhosted.org/packages/04/4f/b3961ba0c664989ba63e30595a3ed0875d6790ff26671e2aae2fdc28a399/charset_normalizer-3.4.0-cp313-cp313-musllinux_1_2_s390x.whl", hash = "sha256:aa41e526a5d4a9dfcfbab0716c7e8a1b215abd3f3df5a45cf18a12721d31cb5d", size = 149781 },
    { url = "https://files.pythonhosted.org/packages/d8/90/6af4cd042066a4adad58ae25648a12c09c879efa4849c705719ba1b23d8c/charset_normalizer-3.4.0-cp313-cp313-musllinux_1_2_x86_64.whl", hash = "sha256:ffc519621dce0c767e96b9c53f09c5d215578e10b02c285809f76509a3931482", size = 144970 },
    { url = "https://files.pythonhosted.org/packages/cc/67/e5e7e0cbfefc4ca79025238b43cdf8a2037854195b37d6417f3d0895c4c2/charset_normalizer-3.4.0-cp313-cp313-win32.whl", hash = "sha256:f19c1585933c82098c2a520f8ec1227f20e339e33aca8fa6f956f6691b784e67", size = 94973 },
    { url = "https://files.pythonhosted.org/packages/65/97/fc9bbc54ee13d33dc54a7fcf17b26368b18505500fc01e228c27b5222d80/charset_normalizer-3.4.0-cp313-cp313-win_amd64.whl", hash = "sha256:707b82d19e65c9bd28b81dde95249b07bf9f5b90ebe1ef17d9b57473f8a64b7b", size = 102308 },
    { url = "https://files.pythonhosted.org/packages/bf/9b/08c0432272d77b04803958a4598a51e2a4b51c06640af8b8f0f908c18bf2/charset_normalizer-3.4.0-py3-none-any.whl", hash = "sha256:fe9f97feb71aa9896b81973a7bbada8c49501dc73e58a10fcef6663af95e5079", size = 49446 },
]

[[package]]
name = "gevent"
version = "24.10.2"
source = { registry = "https://pypi.org/simple" }
dependencies = [
    { name = "cffi", marker = "platform_python_implementation == 'CPython' and sys_platform == 'win32'" },
    { name = "greenlet", marker = "platform_python_implementation == 'CPython'" },
    { name = "zope-event" },
    { name = "zope-interface" },
]
sdist = { url = "https://files.pythonhosted.org/packages/72/91/e870ada18283016ee8e87d182fa2a092fedbc3d08c361e10800347de21d3/gevent-24.10.2.tar.gz", hash = "sha256:96e7bab9de56e0aca3858b8bc9c71f4eb0c0e12b7cf3cbfd170b62ce68cf71d7", size = 6108754 }
wheels = [
    { url = "https://files.pythonhosted.org/packages/7a/c9/e528e4441b12a61a47d89561b1d5872fab4cae39e3f07211eb630006e065/gevent-24.10.2-cp312-cp312-macosx_11_0_universal2.whl", hash = "sha256:ec800c25f09a7e031f2fbc3b17b4a4a0b54085c7532ac51b4c7ecef6d3ff8fc3", size = 2971039 },
    { url = "https://files.pythonhosted.org/packages/3a/f7/9e57d74a59d43413609bf0b668138af785a89230a5cdf2b887771ca81533/gevent-24.10.2-cp312-cp312-manylinux_2_17_aarch64.manylinux2014_aarch64.whl", hash = "sha256:013150cc0f00f0a06dd898463ad9ebc43bd9c70c7fe35555c77d83fe6f758225", size = 5172301 },
    { url = "https://files.pythonhosted.org/packages/ec/df/caaa05127b51f3d86a4e24bcc538fe10cc414591d6ee6d78c2d187a127c7/gevent-24.10.2-cp312-cp312-manylinux_2_17_ppc64le.manylinux2014_ppc64le.whl", hash = "sha256:4f0e6c49aac1c182be15a43d94e3b58c253d830c5b54dc93d6130e6987278611", size = 5338463 },
    { url = "https://files.pythonhosted.org/packages/f5/50/65d603c14106670043a7c848d6c95f2987e558e987a727116f597462203b/gevent-24.10.2-cp312-cp312-manylinux_2_17_s390x.manylinux2014_s390x.whl", hash = "sha256:73b65ee9a73a35fb68d96899895162beef19d86c1bcbe6f8f92eb0bd18c1d891", size = 5438063 },
    { url = "https://files.pythonhosted.org/packages/a2/6a/a571f8756f700022bd38a31301936d8f45f6c87815a41ed28f5b31cc0eef/gevent-24.10.2-cp312-cp312-manylinux_2_28_x86_64.whl", hash = "sha256:618c4869e8140fd955b4620b10bc5a92ef1d62ae20aef38c1af7d892ee1bd996", size = 6816066 },
    { url = "https://files.pythonhosted.org/packages/98/fc/453fa0b3874b8ccec638e8a2eb6cd7b835a09ecb381e85d929c8b93d2e73/gevent-24.10.2-cp312-cp312-musllinux_1_1_aarch64.whl", hash = "sha256:377c02d0ddae3ebf843d6f453943602102bb186b09f1c78a2247e5dbf0e07b1c", size = 5513913 },
    { url = "https://files.pythonhosted.org/packages/a4/83/213b6dd58306c318073fc30f1736fcc0178c0d87d6bbab01e192b2f5a142/gevent-24.10.2-cp312-cp312-musllinux_1_1_x86_64.whl", hash = "sha256:0814a5a7084e0bd357392e44e2a8bd72fc56fbdc3da0ff492ebb310c10fc95e6", size = 6927444 },
    { url = "https://files.pythonhosted.org/packages/e3/40/417b20c81280b0a7cea92584a6ae6d864f02bc14cea6e7dd0355e36d5eb2/gevent-24.10.2-cp312-cp312-win_amd64.whl", hash = "sha256:f0d6cfff74be4efcafecd374e094a8fed9e0d68efe90109d374ef5d8f18aa21a", size = 1546773 },
    { url = "https://files.pythonhosted.org/packages/53/c7/b359d07035c7074fdfba26c77fd108ae79fe70f00d24a576e15eb34c0bd9/gevent-24.10.2-cp313-cp313-macosx_11_0_universal2.whl", hash = "sha256:9f74faefea1acb398f057ed31ee9333e100bdae978b1e4c3b6a27d05df66e588", size = 2962954 },
    { url = "https://files.pythonhosted.org/packages/23/4c/9d92b56b8edce37a3ce6a3f25462dc423addc4affe6aa2a8fce3a79c32a5/gevent-24.10.2-cp313-cp313-manylinux_2_17_aarch64.manylinux2014_aarch64.whl", hash = "sha256:16bf432b274795b360d88b38cbffe0a6410450c94bfa172548bf1f512cf448c2", size = 5141741 },
    { url = "https://files.pythonhosted.org/packages/13/dd/beeeacc7231c02e1d5806df5b27c84eac7b7a8572fb3864273587c76fca7/gevent-24.10.2-cp313-cp313-manylinux_2_17_ppc64le.manylinux2014_ppc64le.whl", hash = "sha256:7b5f10ac866d3432a829a3a4446489be1fa3648f3140f9373fe99440a2e05682", size = 5310317 },
    { url = "https://files.pythonhosted.org/packages/63/ca/5fc2d2c02ca8d0649530992236988bdb9217c9667d63abfd304caab0dbc4/gevent-24.10.2-cp313-cp313-manylinux_2_17_s390x.manylinux2014_s390x.whl", hash = "sha256:90f9bc542f76efc56e5e76b420abaff42baf585db48a9fc0ac8edd6a16d9e60f", size = 5407378 },
    { url = "https://files.pythonhosted.org/packages/c0/f8/1f5d6d97bfc396af345cb17b673420ca3b2b33d474a3e606258ed8d39fce/gevent-24.10.2-cp313-cp313-manylinux_2_28_x86_64.whl", hash = "sha256:975699ac5701d7ec1c633f2067deecea8711dc2a8683530aed260dd641274791", size = 6797335 },
    { url = "https://files.pythonhosted.org/packages/a6/e0/66f5db04181dcadbb9c1f0ec6ac748f9bbdad62001c177506c126e35b3b1/gevent-24.10.2-cp313-cp313-musllinux_1_1_aarch64.whl", hash = "sha256:5bb80c88f572a11156f258333c0e7b1f80d0746a03784600017901a2f1aa584a", size = 5484424 },
    { url = "https://files.pythonhosted.org/packages/7f/5a/04b943b100e27607d206ba3d5056f61a046c963aa0b215b90ffc04b49324/gevent-24.10.2-cp313-cp313-musllinux_1_1_x86_64.whl", hash = "sha256:fa4cba4a8acbb71dd4215be8517879e4217c0746f7af2637330e7269694f53f2", size = 6903263 },
    { url = "https://files.pythonhosted.org/packages/c6/66/3f528cf7f26ed8ce19778c0567333eb2b94a4b76c346f20a87c14b79accb/gevent-24.10.2-cp313-cp313-win_amd64.whl", hash = "sha256:fd9b670da1b7160e660cbba7f52e206892b97f61d8ff1872ce99dfaa9b475420", size = 1545183 },
]

[[package]]
name = "greenlet"
version = "3.1.1"
source = { registry = "https://pypi.org/simple" }
sdist = { url = "https://files.pythonhosted.org/packages/2f/ff/df5fede753cc10f6a5be0931204ea30c35fa2f2ea7a35b25bdaf4fe40e46/greenlet-3.1.1.tar.gz", hash = "sha256:4ce3ac6cdb6adf7946475d7ef31777c26d94bccc377e070a7986bd2d5c515467", size = 186022 }
wheels = [
    { url = "https://files.pythonhosted.org/packages/7d/ec/bad1ac26764d26aa1353216fcbfa4670050f66d445448aafa227f8b16e80/greenlet-3.1.1-cp312-cp312-macosx_11_0_universal2.whl", hash = "sha256:4afe7ea89de619adc868e087b4d2359282058479d7cfb94970adf4b55284574d", size = 274260 },
    { url = "https://files.pythonhosted.org/packages/66/d4/c8c04958870f482459ab5956c2942c4ec35cac7fe245527f1039837c17a9/greenlet-3.1.1-cp312-cp312-manylinux_2_17_aarch64.manylinux2014_aarch64.whl", hash = "sha256:f406b22b7c9a9b4f8aa9d2ab13d6ae0ac3e85c9a809bd590ad53fed2bf70dc79", size = 649064 },
    { url = "https://files.pythonhosted.org/packages/51/41/467b12a8c7c1303d20abcca145db2be4e6cd50a951fa30af48b6ec607581/greenlet-3.1.1-cp312-cp312-manylinux_2_17_ppc64le.manylinux2014_ppc64le.whl", hash = "sha256:c3a701fe5a9695b238503ce5bbe8218e03c3bcccf7e204e455e7462d770268aa", size = 663420 },
    { url = "https://files.pythonhosted.org/packages/27/8f/2a93cd9b1e7107d5c7b3b7816eeadcac2ebcaf6d6513df9abaf0334777f6/greenlet-3.1.1-cp312-cp312-manylinux_2_17_s390x.manylinux2014_s390x.whl", hash = "sha256:2846930c65b47d70b9d178e89c7e1a69c95c1f68ea5aa0a58646b7a96df12441", size = 658035 },
    { url = "https://files.pythonhosted.org/packages/57/5c/7c6f50cb12be092e1dccb2599be5a942c3416dbcfb76efcf54b3f8be4d8d/greenlet-3.1.1-cp312-cp312-manylinux_2_17_x86_64.manylinux2014_x86_64.whl", hash = "sha256:99cfaa2110534e2cf3ba31a7abcac9d328d1d9f1b95beede58294a60348fba36", size = 660105 },
    { url = "https://files.pythonhosted.org/packages/f1/66/033e58a50fd9ec9df00a8671c74f1f3a320564c6415a4ed82a1c651654ba/greenlet-3.1.1-cp312-cp312-manylinux_2_24_x86_64.manylinux_2_28_x86_64.whl", hash = "sha256:1443279c19fca463fc33e65ef2a935a5b09bb90f978beab37729e1c3c6c25fe9", size = 613077 },
    { url = "https://files.pythonhosted.org/packages/19/c5/36384a06f748044d06bdd8776e231fadf92fc896bd12cb1c9f5a1bda9578/greenlet-3.1.1-cp312-cp312-musllinux_1_1_aarch64.whl", hash = "sha256:b7cede291382a78f7bb5f04a529cb18e068dd29e0fb27376074b6d0317bf4dd0", size = 1135975 },
    { url = "https://files.pythonhosted.org/packages/38/f9/c0a0eb61bdf808d23266ecf1d63309f0e1471f284300ce6dac0ae1231881/greenlet-3.1.1-cp312-cp312-musllinux_1_1_x86_64.whl", hash = "sha256:23f20bb60ae298d7d8656c6ec6db134bca379ecefadb0b19ce6f19d1f232a942", size = 1163955 },
    { url = "https://files.pythonhosted.org/packages/43/21/a5d9df1d21514883333fc86584c07c2b49ba7c602e670b174bd73cfc9c7f/greenlet-3.1.1-cp312-cp312-win_amd64.whl", hash = "sha256:7124e16b4c55d417577c2077be379514321916d5790fa287c9ed6f23bd2ffd01", size = 299655 },
    { url = "https://files.pythonhosted.org/packages/f3/57/0db4940cd7bb461365ca8d6fd53e68254c9dbbcc2b452e69d0d41f10a85e/greenlet-3.1.1-cp313-cp313-macosx_11_0_universal2.whl", hash = "sha256:05175c27cb459dcfc05d026c4232f9de8913ed006d42713cb8a5137bd49375f1", size = 272990 },
    { url = "https://files.pythonhosted.org/packages/1c/ec/423d113c9f74e5e402e175b157203e9102feeb7088cee844d735b28ef963/greenlet-3.1.1-cp313-cp313-manylinux_2_17_aarch64.manylinux2014_aarch64.whl", hash = "sha256:935e943ec47c4afab8965954bf49bfa639c05d4ccf9ef6e924188f762145c0ff", size = 649175 },
    { url = "https://files.pythonhosted.org/packages/a9/46/ddbd2db9ff209186b7b7c621d1432e2f21714adc988703dbdd0e65155c77/greenlet-3.1.1-cp313-cp313-manylinux_2_17_ppc64le.manylinux2014_ppc64le.whl", hash = "sha256:667a9706c970cb552ede35aee17339a18e8f2a87a51fba2ed39ceeeb1004798a", size = 663425 },
    { url = "https://files.pythonhosted.org/packages/bc/f9/9c82d6b2b04aa37e38e74f0c429aece5eeb02bab6e3b98e7db89b23d94c6/greenlet-3.1.1-cp313-cp313-manylinux_2_17_s390x.manylinux2014_s390x.whl", hash = "sha256:b8a678974d1f3aa55f6cc34dc480169d58f2e6d8958895d68845fa4ab566509e", size = 657736 },
    { url = "https://files.pythonhosted.org/packages/d9/42/b87bc2a81e3a62c3de2b0d550bf91a86939442b7ff85abb94eec3fc0e6aa/greenlet-3.1.1-cp313-cp313-manylinux_2_17_x86_64.manylinux2014_x86_64.whl", hash = "sha256:efc0f674aa41b92da8c49e0346318c6075d734994c3c4e4430b1c3f853e498e4", size = 660347 },
    { url = "https://files.pythonhosted.org/packages/37/fa/71599c3fd06336cdc3eac52e6871cfebab4d9d70674a9a9e7a482c318e99/greenlet-3.1.1-cp313-cp313-manylinux_2_24_x86_64.manylinux_2_28_x86_64.whl", hash = "sha256:0153404a4bb921f0ff1abeb5ce8a5131da56b953eda6e14b88dc6bbc04d2049e", size = 615583 },
    { url = "https://files.pythonhosted.org/packages/4e/96/e9ef85de031703ee7a4483489b40cf307f93c1824a02e903106f2ea315fe/greenlet-3.1.1-cp313-cp313-musllinux_1_1_aarch64.whl", hash = "sha256:275f72decf9932639c1c6dd1013a1bc266438eb32710016a1c742df5da6e60a1", size = 1133039 },
    { url = "https://files.pythonhosted.org/packages/87/76/b2b6362accd69f2d1889db61a18c94bc743e961e3cab344c2effaa4b4a25/greenlet-3.1.1-cp313-cp313-musllinux_1_1_x86_64.whl", hash = "sha256:c4aab7f6381f38a4b42f269057aee279ab0fc7bf2e929e3d4abfae97b682a12c", size = 1160716 },
    { url = "https://files.pythonhosted.org/packages/1f/1b/54336d876186920e185066d8c3024ad55f21d7cc3683c856127ddb7b13ce/greenlet-3.1.1-cp313-cp313-win_amd64.whl", hash = "sha256:b42703b1cf69f2aa1df7d1030b9d77d3e584a70755674d60e710f0af570f3761", size = 299490 },
    { url = "https://files.pythonhosted.org/packages/5f/17/bea55bf36990e1638a2af5ba10c1640273ef20f627962cf97107f1e5d637/greenlet-3.1.1-cp313-cp313t-manylinux_2_17_aarch64.manylinux2014_aarch64.whl", hash = "sha256:f1695e76146579f8c06c1509c7ce4dfe0706f49c6831a817ac04eebb2fd02011", size = 643731 },
    { url = "https://files.pythonhosted.org/packages/78/d2/aa3d2157f9ab742a08e0fd8f77d4699f37c22adfbfeb0c610a186b5f75e0/greenlet-3.1.1-cp313-cp313t-manylinux_2_17_ppc64le.manylinux2014_ppc64le.whl", hash = "sha256:7876452af029456b3f3549b696bb36a06db7c90747740c5302f74a9e9fa14b13", size = 649304 },
    { url = "https://files.pythonhosted.org/packages/f1/8e/d0aeffe69e53ccff5a28fa86f07ad1d2d2d6537a9506229431a2a02e2f15/greenlet-3.1.1-cp313-cp313t-manylinux_2_17_s390x.manylinux2014_s390x.whl", hash = "sha256:4ead44c85f8ab905852d3de8d86f6f8baf77109f9da589cb4fa142bd3b57b475", size = 646537 },
    { url = "https://files.pythonhosted.org/packages/05/79/e15408220bbb989469c8871062c97c6c9136770657ba779711b90870d867/greenlet-3.1.1-cp313-cp313t-manylinux_2_17_x86_64.manylinux2014_x86_64.whl", hash = "sha256:8320f64b777d00dd7ccdade271eaf0cad6636343293a25074cc5566160e4de7b", size = 642506 },
    { url = "https://files.pythonhosted.org/packages/18/87/470e01a940307796f1d25f8167b551a968540fbe0551c0ebb853cb527dd6/greenlet-3.1.1-cp313-cp313t-manylinux_2_24_x86_64.manylinux_2_28_x86_64.whl", hash = "sha256:6510bf84a6b643dabba74d3049ead221257603a253d0a9873f55f6a59a65f822", size = 602753 },
    { url = "https://files.pythonhosted.org/packages/e2/72/576815ba674eddc3c25028238f74d7b8068902b3968cbe456771b166455e/greenlet-3.1.1-cp313-cp313t-musllinux_1_1_aarch64.whl", hash = "sha256:04b013dc07c96f83134b1e99888e7a79979f1a247e2a9f59697fa14b5862ed01", size = 1122731 },
    { url = "https://files.pythonhosted.org/packages/ac/38/08cc303ddddc4b3d7c628c3039a61a3aae36c241ed01393d00c2fd663473/greenlet-3.1.1-cp313-cp313t-musllinux_1_1_x86_64.whl", hash = "sha256:411f015496fec93c1c8cd4e5238da364e1da7a124bcb293f085bf2860c32c6f6", size = 1142112 },
]

[[package]]
name = "hupper"
version = "1.12.1"
source = { registry = "https://pypi.org/simple" }
sdist = { url = "https://files.pythonhosted.org/packages/bd/e6/bb064537288eee2be97f3e0fcad8e7242bc5bbe9664ae57c7d29b3fa18c2/hupper-1.12.1.tar.gz", hash = "sha256:06bf54170ff4ecf4c84ad5f188dee3901173ab449c2608ad05b9bfd6b13e32eb", size = 43231 }
wheels = [
    { url = "https://files.pythonhosted.org/packages/86/7d/3888833e4f5ea56af4a9935066ec09a83228e533d7b8877f65889d706ee4/hupper-1.12.1-py3-none-any.whl", hash = "sha256:e872b959f09d90be5fb615bd2e62de89a0b57efc037bdf9637fb09cdf8552b19", size = 22830 },
]

[[package]]
name = "idna"
version = "3.10"
source = { registry = "https://pypi.org/simple" }
sdist = { url = "https://files.pythonhosted.org/packages/f1/70/7703c29685631f5a7590aa73f1f1d3fa9a380e654b86af429e0934a32f7d/idna-3.10.tar.gz", hash = "sha256:12f65c9b470abda6dc35cf8e63cc574b1c52b11df2c86030af0ac09b01b13ea9", size = 190490 }
wheels = [
    { url = "https://files.pythonhosted.org/packages/76/c6/c88e154df9c4e1a2a66ccf0005a88dfb2650c1dffb6f5ce603dfbd452ce3/idna-3.10-py3-none-any.whl", hash = "sha256:946d195a0d259cbba61165e88e65941f16e9b36ea6ddb97f00452bae8b1287d3", size = 70442 },
]

[[package]]
name = "jmespath"
version = "1.0.1"
source = { registry = "https://pypi.org/simple" }
sdist = { url = "https://files.pythonhosted.org/packages/00/2a/e867e8531cf3e36b41201936b7fa7ba7b5702dbef42922193f05c8976cd6/jmespath-1.0.1.tar.gz", hash = "sha256:90261b206d6defd58fdd5e85f478bf633a2901798906be2ad389150c5c60edbe", size = 25843 }
wheels = [
    { url = "https://files.pythonhosted.org/packages/31/b4/b9b800c45527aadd64d5b442f9b932b00648617eb5d63d2c7a6587b7cafc/jmespath-1.0.1-py3-none-any.whl", hash = "sha256:02e2e4cc71b5bcab88332eebf907519190dd9e6e82107fa7f83b1003a6252980", size = 20256 },
]

[[package]]
name = "pastedeploy"
version = "3.1.0"
source = { registry = "https://pypi.org/simple" }
sdist = { url = "https://files.pythonhosted.org/packages/e3/97/0c4a613ec96a54d21daa7e089178263915554320402e89b4e319436a63cb/PasteDeploy-3.1.0.tar.gz", hash = "sha256:9ddbaf152f8095438a9fe81f82c78a6714b92ae8e066bed418b6a7ff6a095a95", size = 37841 }
wheels = [
    { url = "https://files.pythonhosted.org/packages/85/30/cdddd9a88969683a59222a6d61cd6dce923977f2e9f9ffba38e1324149cd/PasteDeploy-3.1.0-py3-none-any.whl", hash = "sha256:76388ad53a661448d436df28c798063108f70e994ddc749540d733cdbd1b38cf", size = 16943 },
]

[[package]]
name = "plaster"
version = "1.1.2"
source = { registry = "https://pypi.org/simple" }
sdist = { url = "https://files.pythonhosted.org/packages/26/93/66df0f87f1442d8afea8531ae8a4a9eca656006a54eac2b4489427e92c10/plaster-1.1.2.tar.gz", hash = "sha256:f8befc54bf8c1147c10ab40297ec84c2676fa2d4ea5d6f524d9436a80074ef98", size = 33232 }
wheels = [
    { url = "https://files.pythonhosted.org/packages/e7/8b/3f98db1448e3b4d2d142716874a7e02f6101685fdaa0f55a8668e9ffa048/plaster-1.1.2-py2.py3-none-any.whl", hash = "sha256:42992ab1f4865f1278e2ad740e8ad145683bb4022e03534265528f0c23c0df2d", size = 11554 },
]

[[package]]
name = "plaster-pastedeploy"
version = "1.0.1"
source = { registry = "https://pypi.org/simple" }
dependencies = [
    { name = "pastedeploy" },
    { name = "plaster" },
]
sdist = { url = "https://files.pythonhosted.org/packages/c7/af/01a22f73ce97c6375c88d7ceaf6f5f4f345e940da93c94f98833d898a449/plaster_pastedeploy-1.0.1.tar.gz", hash = "sha256:be262e6d2e41a7264875daa2fe2850cbb0615728bcdc92828fdc72736e381412", size = 20915 }
wheels = [
    { url = "https://files.pythonhosted.org/packages/bd/30/2d4cf89035c22a89bf0e34dbc50fdc07c42c9bdc90fd972d495257ad2b6e/plaster_pastedeploy-1.0.1-py2.py3-none-any.whl", hash = "sha256:ad3550cc744648969ed3b810f33c9344f515ee8d8a8cec18e8f2c4a643c2181f", size = 7823 },
]

[[package]]
name = "posix-ipc"
version = "1.1.1"
source = { registry = "https://pypi.org/simple" }
sdist = { url = "https://files.pythonhosted.org/packages/07/7f/b954f224a226960a4aa98b6c5fa3d4f3fafb20bb8461446e41b563aee863/posix_ipc-1.1.1.tar.gz", hash = "sha256:e2456ba0cfb2ee5ba14121450e8d825b3c4a1461fca0761220aab66d4111cbb7", size = 94341 }

[[package]]
name = "prometheus-client"
version = "0.21.0"
source = { registry = "https://pypi.org/simple" }
sdist = { url = "https://files.pythonhosted.org/packages/e1/54/a369868ed7a7f1ea5163030f4fc07d85d22d7a1d270560dab675188fb612/prometheus_client-0.21.0.tar.gz", hash = "sha256:96c83c606b71ff2b0a433c98889d275f51ffec6c5e267de37c7a2b5c9aa9233e", size = 78634 }
wheels = [
    { url = "https://files.pythonhosted.org/packages/84/2d/46ed6436849c2c88228c3111865f44311cff784b4aabcdef4ea2545dbc3d/prometheus_client-0.21.0-py3-none-any.whl", hash = "sha256:4fa6b4dd0ac16d58bb587c04b1caae65b8c5043e85f778f42f5f632f6af2e166", size = 54686 },
]

[[package]]
name = "pycparser"
version = "2.22"
source = { registry = "https://pypi.org/simple" }
sdist = { url = "https://files.pythonhosted.org/packages/1d/b2/31537cf4b1ca988837256c910a668b553fceb8f069bedc4b1c826024b52c/pycparser-2.22.tar.gz", hash = "sha256:491c8be9c040f5390f5bf44a5b07752bd07f56edf992381b05c701439eec10f6", size = 172736 }
wheels = [
    { url = "https://files.pythonhosted.org/packages/13/a3/a812df4e2dd5696d1f351d58b8fe16a405b234ad2886a0dab9183fb78109/pycparser-2.22-py3-none-any.whl", hash = "sha256:c3702b6d3dd8c7abc1afa565d7e63d53a1d0bd86cdc24edd75470f4de499cfcc", size = 117552 },
]

[[package]]
name = "pyramid"
version = "2.0.2"
source = { registry = "https://pypi.org/simple" }
dependencies = [
    { name = "hupper" },
    { name = "plaster" },
    { name = "plaster-pastedeploy" },
    { name = "setuptools" },
    { name = "translationstring" },
    { name = "venusian" },
    { name = "webob" },
    { name = "zope-deprecation" },
    { name = "zope-interface" },
]
sdist = { url = "https://files.pythonhosted.org/packages/47/c3/5d5736e692fc7ff052577f03136b5edfdf1e2e177eff2f4b91206acae11d/pyramid-2.0.2.tar.gz", hash = "sha256:372138a738e4216535cc76dcce6eddd5a1aaca95130f2354fb834264c06f18de", size = 2637533 }
wheels = [
    { url = "https://files.pythonhosted.org/packages/db/41/a2114b8dd2187ae007e022a2baabdc7937cc78211cefc0c01fc5452193af/pyramid-2.0.2-py3-none-any.whl", hash = "sha256:2e6585ac55c147f0a51bc00dadf72075b3bdd9a871b332ff9e5e04117ccd76fa", size = 247277 },
]

[[package]]
name = "python-dateutil"
version = "2.9.0.post0"
source = { registry = "https://pypi.org/simple" }
dependencies = [
    { name = "six" },
]
sdist = { url = "https://files.pythonhosted.org/packages/66/c0/0c8b6ad9f17a802ee498c46e004a0eb49bc148f2fd230864601a86dcf6db/python-dateutil-2.9.0.post0.tar.gz", hash = "sha256:37dd54208da7e1cd875388217d5e00ebd4179249f90fb72437e91a35459a0ad3", size = 342432 }
wheels = [
    { url = "https://files.pythonhosted.org/packages/ec/57/56b9bcc3c9c6a792fcbaf139543cee77261f3651ca9da0c93f5c1221264b/python_dateutil-2.9.0.post0-py2.py3-none-any.whl", hash = "sha256:a8b2bc7bffae282281c8140a97d3aa9c14da0b136dfe83f850eea9a5f7470427", size = 229892 },
]

[[package]]
name = "python-json-logger"
version = "2.0.7"
source = { registry = "https://pypi.org/simple" }
sdist = { url = "https://files.pythonhosted.org/packages/4f/da/95963cebfc578dabd323d7263958dfb68898617912bb09327dd30e9c8d13/python-json-logger-2.0.7.tar.gz", hash = "sha256:23e7ec02d34237c5aa1e29a070193a4ea87583bb4e7f8fd06d3de8264c4b2e1c", size = 10508 }
wheels = [
    { url = "https://files.pythonhosted.org/packages/35/a6/145655273568ee78a581e734cf35beb9e33a370b29c5d3c8fee3744de29f/python_json_logger-2.0.7-py3-none-any.whl", hash = "sha256:f380b826a991ebbe3de4d897aeec42760035ac760345e57b812938dc8b35e2bd", size = 8067 },
]

[[package]]
name = "requests"
version = "2.32.3"
source = { registry = "https://pypi.org/simple" }
dependencies = [
    { name = "certifi" },
    { name = "charset-normalizer" },
    { name = "idna" },
    { name = "urllib3" },
]
sdist = { url = "https://files.pythonhosted.org/packages/63/70/2bf7780ad2d390a8d301ad0b550f1581eadbd9a20f896afe06353c2a2913/requests-2.32.3.tar.gz", hash = "sha256:55365417734eb18255590a9ff9eb97e9e1da868d4ccd6402399eaf68af20a760", size = 131218 }
wheels = [
    { url = "https://files.pythonhosted.org/packages/f9/9b/335f9764261e915ed497fcdeb11df5dfd6f7bf257d4a6a2a686d80da4d54/requests-2.32.3-py3-none-any.whl", hash = "sha256:70761cfe03c773ceb22aa2f671b4757976145175cdfca038c02654d061d6dcc6", size = 64928 },
]

[[package]]
name = "s3transfer"
version = "0.10.3"
source = { registry = "https://pypi.org/simple" }
dependencies = [
    { name = "botocore" },
]
sdist = { url = "https://files.pythonhosted.org/packages/a0/a8/e0a98fd7bd874914f0608ef7c90ffde17e116aefad765021de0f012690a2/s3transfer-0.10.3.tar.gz", hash = "sha256:4f50ed74ab84d474ce614475e0b8d5047ff080810aac5d01ea25231cfc944b0c", size = 144591 }
wheels = [
    { url = "https://files.pythonhosted.org/packages/e5/c0/b0fba8259b61c938c9733da9346b9f93e00881a9db22aafdd72f6ae0ec05/s3transfer-0.10.3-py3-none-any.whl", hash = "sha256:263ed587a5803c6c708d3ce44dc4dfedaab4c1a32e8329bab818933d79ddcf5d", size = 82625 },
]

[[package]]
name = "setuptools"
version = "75.1.0"
source = { registry = "https://pypi.org/simple" }
sdist = { url = "https://files.pythonhosted.org/packages/27/b8/f21073fde99492b33ca357876430822e4800cdf522011f18041351dfa74b/setuptools-75.1.0.tar.gz", hash = "sha256:d59a21b17a275fb872a9c3dae73963160ae079f1049ed956880cd7c09b120538", size = 1348057 }
wheels = [
    { url = "https://files.pythonhosted.org/packages/ff/ae/f19306b5a221f6a436d8f2238d5b80925004093fa3edea59835b514d9057/setuptools-75.1.0-py3-none-any.whl", hash = "sha256:35ab7fd3bcd95e6b7fd704e4a1539513edad446c097797f2985e0e4b960772f2", size = 1248506 },
]

[[package]]
name = "six"
version = "1.16.0"
source = { registry = "https://pypi.org/simple" }
sdist = { url = "https://files.pythonhosted.org/packages/71/39/171f1c67cd00715f190ba0b100d606d440a28c93c7714febeca8b79af85e/six-1.16.0.tar.gz", hash = "sha256:1e61c37477a1626458e36f7b1d82aa5c9b094fa4802892072e49de9c60c4c926", size = 34041 }
wheels = [
    { url = "https://files.pythonhosted.org/packages/d9/5a/e7c31adbe875f2abbb91bd84cf2dc52d792b5a01506781dbcf25c91daf11/six-1.16.0-py2.py3-none-any.whl", hash = "sha256:8abb2f1d86890a2dfb989f9a77cfcfd3e47c2a354b01111771326f8aa26e0254", size = 11053 },
]

[[package]]
name = "sqlalchemy"
version = "2.0.35"
source = { registry = "https://pypi.org/simple" }
dependencies = [
    { name = "greenlet", marker = "(python_full_version < '3.13' and platform_machine == 'AMD64') or (python_full_version < '3.13' and platform_machine == 'WIN32') or (python_full_version < '3.13' and platform_machine == 'aarch64') or (python_full_version < '3.13' and platform_machine == 'amd64') or (python_full_version < '3.13' and platform_machine == 'ppc64le') or (python_full_version < '3.13' and platform_machine == 'win32') or (python_full_version < '3.13' and platform_machine == 'x86_64')" },
    { name = "typing-extensions" },
]
sdist = { url = "https://files.pythonhosted.org/packages/36/48/4f190a83525f5cefefa44f6adc9e6386c4de5218d686c27eda92eb1f5424/sqlalchemy-2.0.35.tar.gz", hash = "sha256:e11d7ea4d24f0a262bccf9a7cd6284c976c5369dac21db237cff59586045ab9f", size = 9562798 }
wheels = [
    { url = "https://files.pythonhosted.org/packages/2f/2b/fff87e6db0da31212c98bbc445f83fb608ea92b96bda3f3f10e373bac76c/SQLAlchemy-2.0.35-cp312-cp312-macosx_10_9_x86_64.whl", hash = "sha256:eb60b026d8ad0c97917cb81d3662d0b39b8ff1335e3fabb24984c6acd0c900a2", size = 2089790 },
    { url = "https://files.pythonhosted.org/packages/68/92/4bb761bd82764d5827bf6b6095168c40fb5dbbd23670203aef2f96ba6bc6/SQLAlchemy-2.0.35-cp312-cp312-macosx_11_0_arm64.whl", hash = "sha256:6921ee01caf375363be5e9ae70d08ce7ca9d7e0e8983183080211a062d299468", size = 2080266 },
    { url = "https://files.pythonhosted.org/packages/22/46/068a65db6dc253c6f25a7598d99e0a1d60b14f661f9d09ef6c73c718fa4e/SQLAlchemy-2.0.35-cp312-cp312-manylinux_2_17_aarch64.manylinux2014_aarch64.whl", hash = "sha256:8cdf1a0dbe5ced887a9b127da4ffd7354e9c1a3b9bb330dce84df6b70ccb3a8d", size = 3229760 },
    { url = "https://files.pythonhosted.org/packages/6e/36/59830dafe40dda592304debd4cd86e583f63472f3a62c9e2695a5795e786/SQLAlchemy-2.0.35-cp312-cp312-manylinux_2_17_x86_64.manylinux2014_x86_64.whl", hash = "sha256:93a71c8601e823236ac0e5d087e4f397874a421017b3318fd92c0b14acf2b6db", size = 3240649 },
    { url = "https://files.pythonhosted.org/packages/00/50/844c50c6996f9c7f000c959dd1a7436a6c94e449ee113046a1d19e470089/SQLAlchemy-2.0.35-cp312-cp312-musllinux_1_2_aarch64.whl", hash = "sha256:e04b622bb8a88f10e439084486f2f6349bf4d50605ac3e445869c7ea5cf0fa8c", size = 3176138 },
    { url = "https://files.pythonhosted.org/packages/df/d2/336b18cac68eecb67de474fc15c85f13be4e615c6f5bae87ea38c6734ce0/SQLAlchemy-2.0.35-cp312-cp312-musllinux_1_2_x86_64.whl", hash = "sha256:1b56961e2d31389aaadf4906d453859f35302b4eb818d34a26fab72596076bb8", size = 3202753 },
    { url = "https://files.pythonhosted.org/packages/f0/f3/ee1e62fabdc10910b5ef720ae08e59bc785f26652876af3a50b89b97b412/SQLAlchemy-2.0.35-cp312-cp312-win32.whl", hash = "sha256:0f9f3f9a3763b9c4deb8c5d09c4cc52ffe49f9876af41cc1b2ad0138878453cf", size = 2060113 },
    { url = "https://files.pythonhosted.org/packages/60/63/a3cef44a52979169d884f3583d0640e64b3c28122c096474a1d7cfcaf1f3/SQLAlchemy-2.0.35-cp312-cp312-win_amd64.whl", hash = "sha256:25b0f63e7fcc2a6290cb5f7f5b4fc4047843504983a28856ce9b35d8f7de03cc", size = 2085839 },
    { url = "https://files.pythonhosted.org/packages/0e/c6/33c706449cdd92b1b6d756b247761e27d32230fd6b2de5f44c4c3e5632b2/SQLAlchemy-2.0.35-py3-none-any.whl", hash = "sha256:2ab3f0336c0387662ce6221ad30ab3a5e6499aab01b9790879b6578fd9b8faa1", size = 1881276 },
]

[[package]]
name = "thrift-unofficial"
version = "0.19.0"
source = { registry = "https://pypi.org/simple" }
dependencies = [
    { name = "six" },
]
sdist = { url = "https://files.pythonhosted.org/packages/3b/bd/73e6c3ec9659f5b3a56036c7eb65e09ca47d5a108558c0e5cd27f332c045/thrift-unofficial-0.19.0.tar.gz", hash = "sha256:b5ee6f3af959e23ca77b6dae7e5cf1c171e7ffed63b903960b302f1c2af7ef9d", size = 62319 }

[[package]]
name = "translationstring"
version = "1.4"
source = { registry = "https://pypi.org/simple" }
sdist = { url = "https://files.pythonhosted.org/packages/14/39/32325add93da9439775d7fe4b4887eb7986dbc1d5675b0431f4531f560e5/translationstring-1.4.tar.gz", hash = "sha256:bf947538d76e69ba12ab17283b10355a9ecfbc078e6123443f43f2107f6376f3", size = 24199 }
wheels = [
    { url = "https://files.pythonhosted.org/packages/3b/98/36187601a15e3d37e9bfcf0e0e1055532b39d044353b06861c3a519737a9/translationstring-1.4-py2.py3-none-any.whl", hash = "sha256:5f4dc4d939573db851c8d840551e1a0fb27b946afe3b95aafc22577eed2d6262", size = 15028 },
]

[[package]]
name = "typing-extensions"
version = "4.12.2"
source = { registry = "https://pypi.org/simple" }
sdist = { url = "https://files.pythonhosted.org/packages/df/db/f35a00659bc03fec321ba8bce9420de607a1d37f8342eee1863174c69557/typing_extensions-4.12.2.tar.gz", hash = "sha256:1a7ead55c7e559dd4dee8856e3a88b41225abfe1ce8df57b7c13915fe121ffb8", size = 85321 }
wheels = [
    { url = "https://files.pythonhosted.org/packages/26/9f/ad63fc0248c5379346306f8668cda6e2e2e9c95e01216d2b8ffd9ff037d0/typing_extensions-4.12.2-py3-none-any.whl", hash = "sha256:04e5ca0351e0f3f85c6853954072df659d0d13fac324d0072316b67d7794700d", size = 37438 },
]

[[package]]
name = "urllib3"
version = "2.2.3"
source = { registry = "https://pypi.org/simple" }
sdist = { url = "https://files.pythonhosted.org/packages/ed/63/22ba4ebfe7430b76388e7cd448d5478814d3032121827c12a2cc287e2260/urllib3-2.2.3.tar.gz", hash = "sha256:e7d814a81dad81e6caf2ec9fdedb284ecc9c73076b62654547cc64ccdcae26e9", size = 300677 }
wheels = [
    { url = "https://files.pythonhosted.org/packages/ce/d9/5f4c13cecde62396b0d3fe530a50ccea91e7dfc1ccf0e09c228841bb5ba8/urllib3-2.2.3-py3-none-any.whl", hash = "sha256:ca899ca043dcb1bafa3e262d73aa25c465bfb49e0bd9dd5d59f1d0acba2f8fac", size = 126338 },
]

[[package]]
name = "venusian"
version = "3.1.0"
source = { registry = "https://pypi.org/simple" }
sdist = { url = "https://files.pythonhosted.org/packages/f8/39/7c0d9011ec465951aaf71c252effc7c031a04404887422c6f66ba26500e1/venusian-3.1.0.tar.gz", hash = "sha256:eb72cdca6f3139a15dc80f9c95d3c10f8a54a0ba881eeef8e2ec5b42d3ee3a95", size = 37960 }
wheels = [
    { url = "https://files.pythonhosted.org/packages/2c/d7/36860f68eb977ad685d0f0fda733eca913dbda1bb29bbc5f1c5ba460201a/venusian-3.1.0-py3-none-any.whl", hash = "sha256:d1fb1e49927f42573f6c9b7c4fcf61c892af8fdcaa2314daa01d9a560b23488d", size = 13987 },
]

[[package]]
name = "webob"
version = "1.8.8"
source = { registry = "https://pypi.org/simple" }
sdist = { url = "https://files.pythonhosted.org/packages/a2/7a/ac5b1ab5636cc3bfc9bab1ed54ff4e8fdeb6367edd911f7337be2248b8ab/webob-1.8.8.tar.gz", hash = "sha256:2abc1555e118fc251e705fc6dc66c7f5353bb9fbfab6d20e22f1c02b4b71bcee", size = 279035 }
wheels = [
    { url = "https://files.pythonhosted.org/packages/c3/c2/fbc206db211c11ac85f2b440670ff6f43d44d7601f61b95628f56d271c21/WebOb-1.8.8-py2.py3-none-any.whl", hash = "sha256:b60ba63f05c0cf61e086a10c3781a41fcfe30027753a8ae6d819c77592ce83ea", size = 115289 },
]

[[package]]
name = "zope-deprecation"
version = "5.0"
source = { registry = "https://pypi.org/simple" }
dependencies = [
    { name = "setuptools" },
]
sdist = { url = "https://files.pythonhosted.org/packages/ba/de/a47e434ed1804d82f3fd7561aee5c55914c72d87f54cac6b99c15cbe7f89/zope.deprecation-5.0.tar.gz", hash = "sha256:b7c32d3392036b2145c40b3103e7322db68662ab09b7267afe1532a9d93f640f", size = 23353 }
wheels = [
    { url = "https://files.pythonhosted.org/packages/c8/7d/24a23d4d6d93744babfb99266eeb97a25ceae58c0f841a872b51c45ee214/zope.deprecation-5.0-py3-none-any.whl", hash = "sha256:28c2ee983812efb4676d33c7a8c6ade0df191c1c6d652bbbfe6e2eeee067b2d4", size = 10030 },
]

[[package]]
name = "zope-event"
version = "5.0"
source = { registry = "https://pypi.org/simple" }
dependencies = [
    { name = "setuptools" },
]
sdist = { url = "https://files.pythonhosted.org/packages/46/c2/427f1867bb96555d1d34342f1dd97f8c420966ab564d58d18469a1db8736/zope.event-5.0.tar.gz", hash = "sha256:bac440d8d9891b4068e2b5a2c5e2c9765a9df762944bda6955f96bb9b91e67cd", size = 17350 }
wheels = [
    { url = "https://files.pythonhosted.org/packages/fe/42/f8dbc2b9ad59e927940325a22d6d3931d630c3644dae7e2369ef5d9ba230/zope.event-5.0-py3-none-any.whl", hash = "sha256:2832e95014f4db26c47a13fdaef84cef2f4df37e66b59d8f1f4a8f319a632c26", size = 6824 },
]

[[package]]
name = "zope-interface"
version = "7.1.0"
source = { registry = "https://pypi.org/simple" }
dependencies = [
    { name = "setuptools" },
]
sdist = { url = "https://files.pythonhosted.org/packages/e4/1f/8bb0739aba9a8909bcfa2e12dc20443ebd5bd773b6796603f1a126211e18/zope_interface-7.1.0.tar.gz", hash = "sha256:3f005869a1a05e368965adb2075f97f8ee9a26c61898a9e52a9764d93774f237", size = 300239 }
wheels = [
    { url = "https://files.pythonhosted.org/packages/ee/d7/0ab8291230cf4fa05fa6f7bb26e0206d799a922070bc3a102f88133edc1e/zope.interface-7.1.0-cp312-cp312-macosx_10_9_x86_64.whl", hash = "sha256:f245d039f72e6f802902375755846f5de1ee1e14c3e8736c078565599bcab621", size = 208649 },
    { url = "https://files.pythonhosted.org/packages/4e/ce/598d623faeca8a7ccb120a7d94f707efb61d21a57324a905c9a2bdb7b4b9/zope.interface-7.1.0-cp312-cp312-macosx_11_0_arm64.whl", hash = "sha256:6159e767d224d8f18deff634a1d3722e68d27488c357f62ebeb5f3e2f5288b1f", size = 209053 },
    { url = "https://files.pythonhosted.org/packages/ea/d0/c88caffdf6cf99e9b5d1fad9bdfa94d9eee21f72c2f9f4768bced100aab7/zope.interface-7.1.0-cp312-cp312-manylinux_2_17_aarch64.manylinux2014_aarch64.whl", hash = "sha256:5e956b1fd7f3448dd5e00f273072e73e50dfafcb35e4227e6d5af208075593c9", size = 266506 },
    { url = "https://files.pythonhosted.org/packages/1d/bd/2b665bb66b18169828f0e3d0865eabdb3c8f59556db90367950edccfc072/zope.interface-7.1.0-cp312-cp312-manylinux_2_5_i686.manylinux1_i686.manylinux_2_17_i686.manylinux2014_i686.whl", hash = "sha256:ff115ef91c0eeac69cd92daeba36a9d8e14daee445b504eeea2b1c0b55821984", size = 261229 },
    { url = "https://files.pythonhosted.org/packages/04/a0/9a0595057002784395990b5e5a5e84e71905f5c110ea5ecae469dc831468/zope.interface-7.1.0-cp312-cp312-manylinux_2_5_x86_64.manylinux1_x86_64.manylinux_2_17_x86_64.manylinux2014_x86_64.whl", hash = "sha256:bec001798ab62c3fc5447162bf48496ae9fba02edc295a9e10a0b0c639a6452e", size = 267167 },
    { url = "https://files.pythonhosted.org/packages/fb/64/cf1a22aad65dc9746fdc6705042c066011e3fe80f9c73aea9a53b0b3642d/zope.interface-7.1.0-cp312-cp312-win_amd64.whl", hash = "sha256:124149e2d42067b9c6597f4dafdc7a0983d0163868f897b7bb5dc850b14f9a87", size = 212207 },
    { url = "https://files.pythonhosted.org/packages/43/39/75d4e59474ec7aeb8eebb01fae88e97ee8b0b3144d7a445679f000001977/zope.interface-7.1.0-cp313-cp313-macosx_10_9_x86_64.whl", hash = "sha256:9733a9a0f94ef53d7aa64661811b20875b5bc6039034c6e42fb9732170130573", size = 208650 },
    { url = "https://files.pythonhosted.org/packages/c9/24/929b5530508a39a842fe50e159681b3dd36800604252940662268c3a8551/zope.interface-7.1.0-cp313-cp313-macosx_11_0_arm64.whl", hash = "sha256:5fcf379b875c610b5a41bc8a891841533f98de0520287d7f85e25386cd10d3e9", size = 209057 },
    { url = "https://files.pythonhosted.org/packages/fa/a3/07c120b40d47a3b28faadbacea579db8d7dc9214c909da13d72fd55395f7/zope.interface-7.1.0-cp313-cp313-manylinux_2_17_aarch64.manylinux2014_aarch64.whl", hash = "sha256:d0a45b5af9f72c805ee668d1479480ca85169312211bed6ed18c343e39307d5f", size = 266466 },
    { url = "https://files.pythonhosted.org/packages/4f/fa/e1925c8737787887a2801a45aadbc1ca8367fd9f135e721a2ce5a020e14d/zope.interface-7.1.0-cp313-cp313-manylinux_2_5_i686.manylinux1_i686.manylinux_2_17_i686.manylinux2014_i686.whl", hash = "sha256:4af4a12b459a273b0b34679a5c3dc5e34c1847c3dd14a628aa0668e19e638ea2", size = 261220 },
    { url = "https://files.pythonhosted.org/packages/d5/79/d7828b915edf77f8f7849e0ab4380084d07c3d09ef86f9763f1490661d66/zope.interface-7.1.0-cp313-cp313-manylinux_2_5_x86_64.manylinux1_x86_64.manylinux_2_17_x86_64.manylinux2014_x86_64.whl", hash = "sha256:a735f82d2e3ed47ca01a20dfc4c779b966b16352650a8036ab3955aad151ed8a", size = 267157 },
    { url = "https://files.pythonhosted.org/packages/98/ac/012f18dc9b35e8547975f6e0512bcb6a1e97901d7a5e4e4cb5899dee6304/zope.interface-7.1.0-cp313-cp313-win_amd64.whl", hash = "sha256:5501e772aff595e3c54266bc1bfc5858e8f38974ce413a8f1044aae0f32a83a3", size = 212213 },
]
